Microsoft Visual Studio Solution File, Format Version 12.00
# Visual Studio Version 17
VisualStudioVersion = 17.5.2.0
MinimumVisualStudioVersion = 10.0.40219.1
Project("{FAE04EC0-301F-11D3-BF4B-00C04F79EFBC}") = "ArchiveTransparency", "ArchiveTransparency.csproj", "{96165380-D964-52FD-245D-60AD940F6410}"
EndProject
Global
	GlobalSection(SolutionConfigurationPlatforms) = preSolution
		Debug|Any CPU = Debug|Any CPU
		Release|Any CPU = Release|Any CPU
	EndGlobalSection
	GlobalSection(ProjectConfigurationPlatforms) = postSolution
		{96165380-D964-52FD-245D-60AD940F6410}.Debug|Any CPU.ActiveCfg = Debug|Any CPU
		{96165380-D964-52FD-245D-60AD940F6410}.Debug|Any CPU.Build.0 = Debug|Any CPU
		{96165380-D964-52FD-245D-60AD940F6410}.Release|Any CPU.ActiveCfg = Release|Any CPU
		{96165380-D964-52FD-245D-60AD940F6410}.Release|Any CPU.Build.0 = Release|Any CPU
	EndGlobalSection
	GlobalSection(SolutionProperties) = preSolution
		HideSolutionNode = FALSE
	EndGlobalSection
	GlobalSection(ExtensibilityGlobals) = postSolution
		SolutionGuid = {37EB30AD-F26A-4284-A408-C4D8C66921D4}
	EndGlobalSection
EndGlobal
